{
    "name": "astal-shell",
    "lockfileVersion": 3,
    "requires": true,
    "packages": {
        "": {
            "name": "astal-shell",
            "dependencies": {
                "astal": "/nix/store/8cl58ip2nasg6rdyj59cwg2f0qbixs28-astal-gjs/share/astal/gjs",
                "typescript": "^5.7.3"
            }
        },
        "../../../../nix/store/8cl58ip2nasg6rdyj59cwg2f0qbixs28-astal-gjs/share/astal/gjs": {
            "name": "astal",
            "license": "LGPL-2.1"
        },
        "node_modules/astal": {
            "resolved": "../../../../nix/store/8cl58ip2nasg6rdyj59cwg2f0qbixs28-astal-gjs/share/astal/gjs",
            "link": true
        },
        "node_modules/typescript": {
            "version": "5.7.3",
            "resolved": "https://registry.npmjs.org/typescript/-/typescript-5.7.3.tgz",
            "integrity": "sha512-84MVSjMEHP+FQRPy3pX9sTVV/INIex71s9TL2Gm5FG/WG1SqXeKyZ0k7/blY/4FdOzI12CBy1vGc4og/eus0fw==",
            "license": "Apache-2.0",
            "bin": {
                "tsc": "bin/tsc",
                "tsserver": "bin/tsserver"
            },
            "engines": {
                "node": ">=14.17"
            }
        }
    }
}
